
Microsoft Visual Studio Solution File, Format Version 12.00
# Visual Studio 15
VisualStudioVersion = 15.0.27703.2035
MinimumVisualStudioVersion = 10.0.40219.1
Project("{9A19103F-16F7-4668-BE54-9A1E7A4F7556}") = "NCIT.ServicesPublics.ApiClient", "NCIT.ServicesPublics.ApiClient\NCIT.ServicesPublics.ApiClient.csproj", "{AD978C0B-4DAC-4637-8325-3AC990FFBC96}"
EndProject
Project("{2150E333-8FDC-42A3-9474-1A3956D46DE8}") = "Solution items", "Solution items", "{BC2137A2-565E-4800-9C30-F483C097C31A}"
	ProjectSection(SolutionItems) = preProject
		..\..\README.md = ..\..\README.md
	EndProjectSection
EndProject
Global
	GlobalSection(SolutionConfigurationPlatforms) = preSolution
		Debug|Any CPU = Debug|Any CPU
		Release|Any CPU = Release|Any CPU
	EndGlobalSection
	GlobalSection(ProjectConfigurationPlatforms) = postSolution
		{AD978C0B-4DAC-4637-8325-3AC990FFBC96}.Debug|Any CPU.ActiveCfg = Debug|Any CPU
		{AD978C0B-4DAC-4637-8325-3AC990FFBC96}.Debug|Any CPU.Build.0 = Debug|Any CPU
		{AD978C0B-4DAC-4637-8325-3AC990FFBC96}.Release|Any CPU.ActiveCfg = Release|Any CPU
		{AD978C0B-4DAC-4637-8325-3AC990FFBC96}.Release|Any CPU.Build.0 = Release|Any CPU
	EndGlobalSection
	GlobalSection(SolutionProperties) = preSolution
		HideSolutionNode = FALSE
	EndGlobalSection
	GlobalSection(ExtensibilityGlobals) = postSolution
		SolutionGuid = {A9DDE6D0-B2D4-4F84-904D-B7A7464543BE}
	EndGlobalSection
EndGlobal
